
Microsoft Visual Studio Solution File, Format Version 12.00
# Visual Studio Version 17
VisualStudioVersion = 17.2.32602.215
MinimumVisualStudioVersion = 10.0.40219.1
Project("{FAE04EC0-301F-11D3-BF4B-00C04F79EFBC}") = "MovieManagement.API", "MovieManagement.API\MovieManagement.API.csproj", "{C992F84F-8083-409F-9F8A-E6831ACD0A6E}"
EndProject
Project("{FAE04EC0-301F-11D3-BF4B-00C04F79EFBC}") = "MovieManagement.Library", "MovieManagement.Library\MovieManagement.Library.csproj", "{4661D0B6-E179-44E3-B0B3-DCF2992837CA}"
EndProject
Global
	GlobalSection(SolutionConfigurationPlatforms) = preSolution
		Debug|Any CPU = Debug|Any CPU
		Release|Any CPU = Release|Any CPU
	EndGlobalSection
	GlobalSection(ProjectConfigurationPlatforms) = postSolution
		{C992F84F-8083-409F-9F8A-E6831ACD0A6E}.Debug|Any CPU.ActiveCfg = Debug|Any CPU
		{C992F84F-8083-409F-9F8A-E6831ACD0A6E}.Debug|Any CPU.Build.0 = Debug|Any CPU
		{C992F84F-8083-409F-9F8A-E6831ACD0A6E}.Release|Any CPU.ActiveCfg = Release|Any CPU
		{C992F84F-8083-409F-9F8A-E6831ACD0A6E}.Release|Any CPU.Build.0 = Release|Any CPU
		{4661D0B6-E179-44E3-B0B3-DCF2992837CA}.Debug|Any CPU.ActiveCfg = Debug|Any CPU
		{4661D0B6-E179-44E3-B0B3-DCF2992837CA}.Debug|Any CPU.Build.0 = Debug|Any CPU
		{4661D0B6-E179-44E3-B0B3-DCF2992837CA}.Release|Any CPU.ActiveCfg = Release|Any CPU
		{4661D0B6-E179-44E3-B0B3-DCF2992837CA}.Release|Any CPU.Build.0 = Release|Any CPU
	EndGlobalSection
	GlobalSection(SolutionProperties) = preSolution
		HideSolutionNode = FALSE
	EndGlobalSection
	GlobalSection(ExtensibilityGlobals) = postSolution
		SolutionGuid = {AC3447ED-145C-4843-8860-6DCA6857D8FC}
	EndGlobalSection
EndGlobal
